
Microsoft Visual Studio Solution File, Format Version 12.00
# Visual Studio Version 17
VisualStudioVersion = 17.8.34330.188
MinimumVisualStudioVersion = 10.0.40219.1
Project("{FAE04EC0-301F-11D3-BF4B-00C04F79EFBC}") = "IcecreamMAUI", "IcecreamMAUI\IcecreamMAUI.csproj", "{E7CCC81F-26F5-4996-88C8-D135561CF9C2}"
EndProject
Project("{FAE04EC0-301F-11D3-BF4B-00C04F79EFBC}") = "IcecreamMAUI.Api", "IcecreamMAUI.Api\IcecreamMAUI.Api.csproj", "{40DB9F48-A6B9-4C60-BBDF-E71351D8D3B2}"
EndProject
Project("{FAE04EC0-301F-11D3-BF4B-00C04F79EFBC}") = "IcecreamMAUI.Shared", "IcecreamMAUI.Shared\IcecreamMAUI.Shared.csproj", "{DCD8B66D-8FE3-4BA1-A801-EABC75733728}"
EndProject
Global
	GlobalSection(SolutionConfigurationPlatforms) = preSolution
		Debug|Any CPU = Debug|Any CPU
		Release|Any CPU = Release|Any CPU
	EndGlobalSection
	GlobalSection(ProjectConfigurationPlatforms) = postSolution
		{E7CCC81F-26F5-4996-88C8-D135561CF9C2}.Debug|Any CPU.ActiveCfg = Debug|Any CPU
		{E7CCC81F-26F5-4996-88C8-D135561CF9C2}.Debug|Any CPU.Build.0 = Debug|Any CPU
		{E7CCC81F-26F5-4996-88C8-D135561CF9C2}.Debug|Any CPU.Deploy.0 = Debug|Any CPU
		{E7CCC81F-26F5-4996-88C8-D135561CF9C2}.Release|Any CPU.ActiveCfg = Release|Any CPU
		{E7CCC81F-26F5-4996-88C8-D135561CF9C2}.Release|Any CPU.Build.0 = Release|Any CPU
		{E7CCC81F-26F5-4996-88C8-D135561CF9C2}.Release|Any CPU.Deploy.0 = Release|Any CPU
		{40DB9F48-A6B9-4C60-BBDF-E71351D8D3B2}.Debug|Any CPU.ActiveCfg = Debug|Any CPU
		{40DB9F48-A6B9-4C60-BBDF-E71351D8D3B2}.Debug|Any CPU.Build.0 = Debug|Any CPU
		{40DB9F48-A6B9-4C60-BBDF-E71351D8D3B2}.Release|Any CPU.ActiveCfg = Release|Any CPU
		{40DB9F48-A6B9-4C60-BBDF-E71351D8D3B2}.Release|Any CPU.Build.0 = Release|Any CPU
		{DCD8B66D-8FE3-4BA1-A801-EABC75733728}.Debug|Any CPU.ActiveCfg = Debug|Any CPU
		{DCD8B66D-8FE3-4BA1-A801-EABC75733728}.Debug|Any CPU.Build.0 = Debug|Any CPU
		{DCD8B66D-8FE3-4BA1-A801-EABC75733728}.Release|Any CPU.ActiveCfg = Release|Any CPU
		{DCD8B66D-8FE3-4BA1-A801-EABC75733728}.Release|Any CPU.Build.0 = Release|Any CPU
	EndGlobalSection
	GlobalSection(SolutionProperties) = preSolution
		HideSolutionNode = FALSE
	EndGlobalSection
	GlobalSection(ExtensibilityGlobals) = postSolution
		SolutionGuid = {CC050CCE-5CD2-4A81-9A49-E4694A0A7376}
	EndGlobalSection
EndGlobal
